
Microsoft Visual Studio Solution File, Format Version 12.00
# Visual Studio 15
VisualStudioVersion = 15.0.27130.2036
MinimumVisualStudioVersion = 10.0.40219.1
Project("{FAE04EC0-301F-11D3-BF4B-00C04F79EFBC}") = "TheKashishokunin", "TheKashishokunin\TheKashishokunin.csproj", "{CAE3723E-CD22-461E-9573-2F64BD7EBA4A}"
EndProject
Global
	GlobalSection(SolutionConfigurationPlatforms) = preSolution
		Debug|Any CPU = Debug|Any CPU
		Release|Any CPU = Release|Any CPU
	EndGlobalSection
	GlobalSection(ProjectConfigurationPlatforms) = postSolution
		{CAE3723E-CD22-461E-9573-2F64BD7EBA4A}.Debug|Any CPU.ActiveCfg = Debug|Any CPU
		{CAE3723E-CD22-461E-9573-2F64BD7EBA4A}.Debug|Any CPU.Build.0 = Debug|Any CPU
		{CAE3723E-CD22-461E-9573-2F64BD7EBA4A}.Release|Any CPU.ActiveCfg = Release|Any CPU
		{CAE3723E-CD22-461E-9573-2F64BD7EBA4A}.Release|Any CPU.Build.0 = Release|Any CPU
	EndGlobalSection
	GlobalSection(SolutionProperties) = preSolution
		HideSolutionNode = FALSE
	EndGlobalSection
	GlobalSection(ExtensibilityGlobals) = postSolution
		SolutionGuid = {AC33121F-F9E5-4F27-92CC-35B0485F01C9}
	EndGlobalSection
EndGlobal
